
Microsoft Visual Studio Solution File, Format Version 12.00
# Visual Studio Version 17
VisualStudioVersion = 17.4.33213.308
MinimumVisualStudioVersion = 10.0.40219.1
Project("{FAE04EC0-301F-11D3-BF4B-00C04F79EFBC}") = "Embrace.Palindrome.BlazorApp", "Embrace.Palindrome.BlazorApp\Embrace.Palindrome.BlazorApp.csproj", "{54768837-96BE-4DF0-A4ED-5680BC09051B}"
EndProject
Project("{FAE04EC0-301F-11D3-BF4B-00C04F79EFBC}") = "Embrace.Palindrome.Shared", "Embrace.Palindrome.Shared\Embrace.Palindrome.Shared.csproj", "{8A2617FD-A7BA-4D28-9C58-E3C320196B4F}"
EndProject
Global
	GlobalSection(SolutionConfigurationPlatforms) = preSolution
		Debug|Any CPU = Debug|Any CPU
		Release|Any CPU = Release|Any CPU
	EndGlobalSection
	GlobalSection(ProjectConfigurationPlatforms) = postSolution
		{54768837-96BE-4DF0-A4ED-5680BC09051B}.Debug|Any CPU.ActiveCfg = Debug|Any CPU
		{54768837-96BE-4DF0-A4ED-5680BC09051B}.Debug|Any CPU.Build.0 = Debug|Any CPU
		{54768837-96BE-4DF0-A4ED-5680BC09051B}.Release|Any CPU.ActiveCfg = Release|Any CPU
		{54768837-96BE-4DF0-A4ED-5680BC09051B}.Release|Any CPU.Build.0 = Release|Any CPU
		{8A2617FD-A7BA-4D28-9C58-E3C320196B4F}.Debug|Any CPU.ActiveCfg = Debug|Any CPU
		{8A2617FD-A7BA-4D28-9C58-E3C320196B4F}.Debug|Any CPU.Build.0 = Debug|Any CPU
		{8A2617FD-A7BA-4D28-9C58-E3C320196B4F}.Release|Any CPU.ActiveCfg = Release|Any CPU
		{8A2617FD-A7BA-4D28-9C58-E3C320196B4F}.Release|Any CPU.Build.0 = Release|Any CPU
	EndGlobalSection
	GlobalSection(SolutionProperties) = preSolution
		HideSolutionNode = FALSE
	EndGlobalSection
	GlobalSection(ExtensibilityGlobals) = postSolution
		SolutionGuid = {CD1BF1D6-B652-4CEA-92D0-DDC27264D597}
	EndGlobalSection
EndGlobal
